
Microsoft Visual Studio Solution File, Format Version 12.00
# Visual Studio 15
VisualStudioVersion = 15.0.28307.421
MinimumVisualStudioVersion = 10.0.40219.1
Project("{FAE04EC0-301F-11D3-BF4B-00C04F79EFBC}") = "StackOperation", "StackOperation\StackOperation.csproj", "{E707D484-FEAD-490C-9F39-59FBE05CFB00}"
EndProject
Global
	GlobalSection(SolutionConfigurationPlatforms) = preSolution
		Debug|Any CPU = Debug|Any CPU
		Release|Any CPU = Release|Any CPU
	EndGlobalSection
	GlobalSection(ProjectConfigurationPlatforms) = postSolution
		{E707D484-FEAD-490C-9F39-59FBE05CFB00}.Debug|Any CPU.ActiveCfg = Debug|Any CPU
		{E707D484-FEAD-490C-9F39-59FBE05CFB00}.Debug|Any CPU.Build.0 = Debug|Any CPU
		{E707D484-FEAD-490C-9F39-59FBE05CFB00}.Release|Any CPU.ActiveCfg = Release|Any CPU
		{E707D484-FEAD-490C-9F39-59FBE05CFB00}.Release|Any CPU.Build.0 = Release|Any CPU
	EndGlobalSection
	GlobalSection(SolutionProperties) = preSolution
		HideSolutionNode = FALSE
	EndGlobalSection
	GlobalSection(ExtensibilityGlobals) = postSolution
		SolutionGuid = {64F499E3-AEC4-4272-A490-75FEDCDF697F}
	EndGlobalSection
EndGlobal
